# THIS IS AN AUTOGENERATED FILE. DO NOT EDIT THIS FILE DIRECTLY.
# yarn lockfile v1


"@moncici/date-time-processor@^1.0.3":
  version "1.0.4"
  resolved "https://registry.yarnpkg.com/@moncici/date-time-processor/-/date-time-processor-1.0.4.tgz#dd121d2a203cb4138f02468eeeec6911b45a9122"
  integrity sha512-Lps/5j0R7h3llwsiKjoTOxUzZyjvePlG6Q/1tqIVLQi543TVS+tnlP+M5R6W+Yjz1BIBNjc2U5W1fyTQZ4+/oQ==

"@moncici/log@^1.0.2":
  version "1.0.2"
  resolved "https://registry.yarnpkg.com/@moncici/log/-/log-1.0.2.tgz#64647745dcdc6deb15bcf8751f8cd5890c0d24c9"
  integrity sha512-8ozj5rSe85IRxZ2OCUWHY5GhQcvOGfx5gvmm2D0fmJnAdDJm55xJPUP9X3OTzgF951af3GIftMFaRywnnIf0OQ==
  dependencies:
    "@moncici/date-time-processor" "^1.0.3"

dotenv@^16.4.5:
  version "16.4.5"
  resolved "https://registry.yarnpkg.com/dotenv/-/dotenv-16.4.5.tgz#cdd3b3b604cb327e286b4762e13502f717cb099f"
  integrity sha512-ZmdL2rui+eB2YwhsWzjInR8LldtZHGDoQ1ugH85ppHKwpUHL7j7rN0Ti9NCnGiQbhaZ11FpR+7ao1dNsmduNUg==

https@^1.0.0:
  version "1.0.0"
  resolved "https://registry.yarnpkg.com/https/-/https-1.0.0.tgz#3c37c7ae1a8eeb966904a2ad1e975a194b7ed3a4"
  integrity sha512-4EC57ddXrkaF0x83Oj8sM6SLQHAWXw90Skqu2M4AEWENZ3F02dFJE/GARA8igO79tcgYqGrD7ae4f5L3um2lgg==
